
Microsoft Visual Studio Solution File, Format Version 12.00
# Visual Studio Version 16
VisualStudioVersion = 16.0.32106.194
MinimumVisualStudioVersion = 10.0.40219.1
Project("{FAE04EC0-301F-11D3-BF4B-00C04F79EFBC}") = "Core", "Core\Core.csproj", "{E730C683-77C8-476E-BE58-1F3B92BD65A7}"
EndProject
Project("{FAE04EC0-301F-11D3-BF4B-00C04F79EFBC}") = "Raskulak", "WPFAiS\Raskulak.csproj", "{830B944A-1808-47D9-938E-F09A80053357}"
EndProject
Global
	GlobalSection(SolutionConfigurationPlatforms) = preSolution
		Debug|Any CPU = Debug|Any CPU
		Release|Any CPU = Release|Any CPU
	EndGlobalSection
	GlobalSection(ProjectConfigurationPlatforms) = postSolution
		{E730C683-77C8-476E-BE58-1F3B92BD65A7}.Debug|Any CPU.ActiveCfg = Debug|Any CPU
		{E730C683-77C8-476E-BE58-1F3B92BD65A7}.Debug|Any CPU.Build.0 = Debug|Any CPU
		{E730C683-77C8-476E-BE58-1F3B92BD65A7}.Release|Any CPU.ActiveCfg = Release|Any CPU
		{E730C683-77C8-476E-BE58-1F3B92BD65A7}.Release|Any CPU.Build.0 = Release|Any CPU
		{830B944A-1808-47D9-938E-F09A80053357}.Debug|Any CPU.ActiveCfg = Debug|Any CPU
		{830B944A-1808-47D9-938E-F09A80053357}.Debug|Any CPU.Build.0 = Debug|Any CPU
		{830B944A-1808-47D9-938E-F09A80053357}.Release|Any CPU.ActiveCfg = Release|Any CPU
		{830B944A-1808-47D9-938E-F09A80053357}.Release|Any CPU.Build.0 = Release|Any CPU
	EndGlobalSection
	GlobalSection(SolutionProperties) = preSolution
		HideSolutionNode = FALSE
	EndGlobalSection
	GlobalSection(ExtensibilityGlobals) = postSolution
		SolutionGuid = {2D2881F2-34AA-468D-941B-EBD506035C6D}
	EndGlobalSection
EndGlobal
